{
  "name": "loop-engineer-test",
  "version": "1.0.0",
  "lockfileVersion": 3,
  "requires": true,
  "packages": {
    "": {
      "name": "loop-engineer-test",
      "version": "1.0.0",
      "license": "ISC",
      "devDependencies": {
        "@cobusgreyling/loop": "0.2.0",
        "@cobusgreyling/loop-audit": "1.9.0",
        "@cobusgreyling/loop-context": "1.5.0",
        "@cobusgreyling/loop-cost": "1.2.0",
        "@cobusgreyling/loop-gate": "1.0.0",
        "@cobusgreyling/loop-init": "1.7.0",
        "@cobusgreyling/loop-sync": "1.0.0"
      }
    },
    "node_modules/@cobusgreyling/loop": {
      "version": "0.2.0",
      "resolved": "https://registry.npmjs.org/@cobusgreyling/loop/-/loop-0.2.0.tgz",
      "integrity": "sha512-2sNKZ5Ozith/gsUe+vQ3M+N0tifD9MXhP5CWfPJAJvfMjXyi92HLtCyMPUzIZp73fiPOPw5q9QlfxF7uewhamQ==",
      "dev": true,
      "license": "MIT",
      "bin": {
        "loop": "dist/cli.js"
      },
      "engines": {
        "node": ">=18"
      }
    },
    "node_modules/@cobusgreyling/loop-audit": {
      "version": "1.9.0",
      "resolved": "https://registry.npmjs.org/@cobusgreyling/loop-audit/-/loop-audit-1.9.0.tgz",
      "integrity": "sha512-FOt1vpZ1EtyXyWpUE5ma3ZeMFwbGxwA4qf88Sv4IpncN+Go8YhEcsZDW85nGzcSPexqcULV987EOHmJzVYlxnw==",
      "dev": true,
      "license": "MIT",
      "dependencies": {
        "@cobusgreyling/readiness-core": "^1.0.0"
      },
      "bin": {
        "loop-audit": "dist/cli.js"
      },
      "engines": {
        "node": ">=18"
      }
    },
    "node_modules/@cobusgreyling/loop-context": {
      "version": "1.5.0",
      "resolved": "https://registry.npmjs.org/@cobusgreyling/loop-context/-/loop-context-1.5.0.tgz",
      "integrity": "sha512-nFxqFS9j6eoNH4A/veaMgmpqJGyJiV6DzYPpU6qMDz4xcShSDL7mH4mN0GINoq75ifGcffrt8A6KdSj8+MUt5g==",
      "dev": true,
      "license": "MIT",
      "dependencies": {
        "@cobusgreyling/loop-cost": "^1.1.0"
      },
      "bin": {
        "loop-context": "dist/cli.js"
      },
      "engines": {
        "node": ">=18"
      }
    },
    "node_modules/@cobusgreyling/loop-cost": {
      "version": "1.2.0",
      "resolved": "https://registry.npmjs.org/@cobusgreyling/loop-cost/-/loop-cost-1.2.0.tgz",
      "integrity": "sha512-xUjQlDl/76tXzmqJHbR2sejt/WRv7nOroQLJ2Id3vlUZqlz7Qqf7pra7UiX5wIFIelI3CVKjpRu+u6HXQqzJdg==",
      "dev": true,
      "license": "MIT",
      "dependencies": {
        "yaml": "^2.8.0"
      },
      "bin": {
        "loop-cost": "dist/cli.js"
      },
      "engines": {
        "node": ">=18"
      }
    },
    "node_modules/@cobusgreyling/loop-gate": {
      "version": "1.0.0",
      "resolved": "https://registry.npmjs.org/@cobusgreyling/loop-gate/-/loop-gate-1.0.0.tgz",
      "integrity": "sha512-s/rc9c4cqBVhBKhPEd/DbDNHdP/df+t0PGIw8LXpil0yJN6ettvwhcPqrM1stbwf1la3vCKYZ/lbkdOlx6jM0w==",
      "dev": true,
      "license": "MIT",
      "dependencies": {
        "minimatch": "^10.0.0",
        "yaml": "^2.8.0"
      },
      "bin": {
        "loop-gate": "dist/cli.js"
      },
      "engines": {
        "node": ">=18"
      }
    },
    "node_modules/@cobusgreyling/loop-init": {
      "version": "1.7.0",
      "resolved": "https://registry.npmjs.org/@cobusgreyling/loop-init/-/loop-init-1.7.0.tgz",
      "integrity": "sha512-ETybir4yGWNKaVMTycOiP11UgVzQ+c46xu9mXZSx/PASJmIKbWrS2BCFenEme2oIchS+KRW2QX/Gsr00lFTGdg==",
      "dev": true,
      "license": "MIT",
      "dependencies": {
        "@cobusgreyling/loop-audit": "^1.7.0"
      },
      "bin": {
        "loop-init": "dist/cli.js"
      },
      "engines": {
        "node": ">=18"
      }
    },
    "node_modules/@cobusgreyling/loop-sync": {
      "version": "1.0.0",
      "resolved": "https://registry.npmjs.org/@cobusgreyling/loop-sync/-/loop-sync-1.0.0.tgz",
      "integrity": "sha512-yoZK4I8Ter+cqiZi+w8eN9Qr1H9NgYou/F1PiY4w+PLnw2HYUSvKg26wZZOxHfrHDoDPaOy/trxQZ7uqL92PvQ==",
      "dev": true,
      "license": "MIT",
      "bin": {
        "loop-sync": "dist/cli.js"
      },
      "engines": {
        "node": ">=18"
      }
    },
    "node_modules/@cobusgreyling/readiness-core": {
      "version": "1.0.0",
      "resolved": "https://registry.npmjs.org/@cobusgreyling/readiness-core/-/readiness-core-1.0.0.tgz",
      "integrity": "sha512-SWI9qchCifFpKOcb0FAsf4UpgCUJsSlX9L/xdBmi4d4lJGNoK+ErBHw7LHRzz4g+m7nnLxBcYpKHa5bidOWMXA==",
      "dev": true,
      "license": "MIT",
      "engines": {
        "node": ">=18"
      }
    },
    "node_modules/balanced-match": {
      "version": "4.0.4",
      "resolved": "https://registry.npmjs.org/balanced-match/-/balanced-match-4.0.4.tgz",
      "integrity": "sha512-BLrgEcRTwX2o6gGxGOCNyMvGSp35YofuYzw9h1IMTRmKqttAZZVU67bdb9Pr2vUHA8+j3i2tJfjO6C6+4myGTA==",
      "dev": true,
      "license": "MIT",
      "engines": {
        "node": "18 || 20 || >=22"
      }
    },
    "node_modules/brace-expansion": {
      "version": "5.0.12",
      "resolved": "https://registry.npmjs.org/brace-expansion/-/brace-expansion-5.0.12.tgz",
      "integrity": "sha512-YovQ3rzhaLMIrDjNDMkNS01tea93qhEhG5xy8f6+R0l+dw3Ki+5sCoIoI942iuLZTHWogWktgwVDhU09iNEimQ==",
      "dev": true,
      "license": "MIT",
      "dependencies": {
        "balanced-match": "^4.0.2"
      },
      "engines": {
        "node": "20 || >=22"
      }
    },
    "node_modules/minimatch": {
      "version": "10.2.6",
      "resolved": "https://registry.npmjs.org/minimatch/-/minimatch-10.2.6.tgz",
      "integrity": "sha512-vpLQEs+VLCr1nU0BXS07maYoFwlDAH0gngQuuttxIwutDFEMHq2blX+8vpgxDdK3J1PwjCJiep77OitTZ4Ll1A==",
      "dev": true,
      "license": "BlueOak-1.0.0",
      "dependencies": {
        "brace-expansion": "^5.0.8"
      },
      "engines": {
        "node": "18 || 20 || >=22"
      },
      "funding": {
        "url": "https://github.com/sponsors/isaacs"
      }
    },
    "node_modules/yaml": {
      "version": "2.9.1",
      "resolved": "https://registry.npmjs.org/yaml/-/yaml-2.9.1.tgz",
      "integrity": "sha512-3NxN8+78OdzbT7C/WjGsyfPAtJaN3FNDsWxv7Y7mcDsT/oOmgW8BpyQQFFBnvZE3j9Y2Sdz1ULFLezL7Eb2yFw==",
      "dev": true,
      "license": "ISC",
      "bin": {
        "yaml": "bin.mjs"
      },
      "engines": {
        "node": ">= 14.6"
      },
      "funding": {
        "url": "https://github.com/sponsors/eemeli"
      }
    }
  }
}
